
Microsoft Visual Studio Solution File, Format Version 12.00
# Visual Studio Version 16
VisualStudioVersion = 16.0.29728.190
MinimumVisualStudioVersion = 10.0.40219.1
Project("{8BC9CEB8-8B4A-11D0-8D11-00A0C91BC942}") = "rumi-64-192-22r", "rumi-64-192-22r\rumi-64-192-22r.vcxproj", "{0502A4DE-626A-4A9E-8437-A7C56963DA56}"
EndProject
Global
	GlobalSection(SolutionConfigurationPlatforms) = preSolution
		Debug|x64 = Debug|x64
		Debug|x86 = Debug|x86
		Release|x64 = Release|x64
		Release|x86 = Release|x86
	EndGlobalSection
	GlobalSection(ProjectConfigurationPlatforms) = postSolution
		{0502A4DE-626A-4A9E-8437-A7C56963DA56}.Debug|x64.ActiveCfg = Debug|x64
		{0502A4DE-626A-4A9E-8437-A7C56963DA56}.Debug|x64.Build.0 = Debug|x64
		{0502A4DE-626A-4A9E-8437-A7C56963DA56}.Debug|x86.ActiveCfg = Debug|Win32
		{0502A4DE-626A-4A9E-8437-A7C56963DA56}.Debug|x86.Build.0 = Debug|Win32
		{0502A4DE-626A-4A9E-8437-A7C56963DA56}.Release|x64.ActiveCfg = Release|x64
		{0502A4DE-626A-4A9E-8437-A7C56963DA56}.Release|x64.Build.0 = Release|x64
		{0502A4DE-626A-4A9E-8437-A7C56963DA56}.Release|x86.ActiveCfg = Release|Win32
		{0502A4DE-626A-4A9E-8437-A7C56963DA56}.Release|x86.Build.0 = Release|Win32
	EndGlobalSection
	GlobalSection(SolutionProperties) = preSolution
		HideSolutionNode = FALSE
	EndGlobalSection
	GlobalSection(ExtensibilityGlobals) = postSolution
		SolutionGuid = {FEA8F9CC-126C-4028-892F-443FD7D113EA}
	EndGlobalSection
EndGlobal
